// !$*UTF8*$!
{
	archiveVersion = 1;
	classes = {
	};
	objectVersion = 77;
	objects = {

/* Begin PBXContainerItemProxy section */
		A8D4F7742D8F51B200F0CD17 /* PBXContainerItemProxy */ = {
			isa = PBXContainerItemProxy;
			containerPortal = A8D4F7592D8F51B000F0CD17 /* Project object */;
			proxyType = 1;
			remoteGlobalIDString = A8D4F7602D8F51B000F0CD17;
			remoteInfo = "image-app";
		};
		A8D4F77E2D8F51B200F0CD17 /* PBXContainerItemProxy */ = {
			isa = PBXContainerItemProxy;
			containerPortal = A8D4F7592D8F51B000F0CD17 /* Project object */;
			proxyType = 1;
			remoteGlobalIDString = A8D4F7602D8F51B000F0CD17;
			remoteInfo = "image-app";
		};
/* End PBXContainerItemProxy section */

/* Begin PBXFileReference section */
		A8D4F7612D8F51B000F0CD17 /* image-app.app */ = {isa = PBXFileReference; explicitFileType = wrapper.application; includeInIndex = 0; path = "image-app.app"; sourceTree = BUILT_PRODUCTS_DIR; };
		A8D4F7732D8F51B200F0CD17 /* image-appTests.xctest */ = {isa = PBXFileReference; explicitFileType = wrapper.cfbundle; includeInIndex = 0; path = "image-appTests.xctest"; sourceTree = BUILT_PRODUCTS_DIR; };
		A8D4F77D2D8F51B200F0CD17 /* image-appUITests.xctest */ = {isa = PBXFileReference; explicitFileType = wrapper.cfbundle; includeInIndex = 0; path = "image-appUITests.xctest"; sourceTree = BUILT_PRODUCTS_DIR; };
/* End PBXFileReference section */

/* Begin PBXFileSystemSynchronizedRootGroup section */
		A8D4F7632D8F51B000F0CD17 /* image-app */ = {
			isa = PBXFileSystemSynchronizedRootGroup;
			path = "image-app";
			sourceTree = "<group>";
		};
		A8D4F7762D8F51B200F0CD17 /* image-appTests */ = {
			isa = PBXFileSystemSynchronizedRootGroup;
			path = "image-appTests";
			sourceTree = "<group>";
		};
		A8D4F7802D8F51B200F0CD17 /* image-appUITests */ = {
			isa = PBXFileSystemSynchronizedRootGroup;
			path = "image-appUITests";
			sourceTree = "<group>";
		};
/* End PBXFileSystemSynchronizedRootGroup section */

/* Begin PBXFrameworksBuildPhase section */
		A8D4F75E2D8F51B000F0CD17 /* Frameworks */ = {
			isa = PBXFrameworksBuildPhase;
			buildActionMask = 2147483647;
			files = (
			);
			runOnlyForDeploymentPostprocessing = 0;
		};
		A8D4F7702D8F51B200F0CD17 /* Frameworks */ = {
			isa = PBXFrameworksBuildPhase;
			buildActionMask = 2147483647;
			files = (
			);
			runOnlyForDeploymentPostprocessing = 0;
		};
		A8D4F77A2D8F51B200F0CD17 /* Frameworks */ = {
			isa = PBXFrameworksBuildPhase;
			buildActionMask = 2147483647;
			files = (
			);
			runOnlyForDeploymentPostprocessing = 0;
		};
/* End PBXFrameworksBuildPhase section */

/* Begin PBXGroup section */
		A8D4F7582D8F51B000F0CD17 = {
			isa = PBXGroup;
			children = (
				A8D4F7632D8F51B000F0CD17 /* image-app */,
				A8D4F7762D8F51B200F0CD17 /* image-appTests */,
				A8D4F7802D8F51B200F0CD17 /* image-appUITests */,
				A8D4F7622D8F51B000F0CD17 /* Products */,
			);
			sourceTree = "<group>";
		};
		A8D4F7622D8F51B000F0CD17 /* Products */ = {
			isa = PBXGroup;
			children = (
				A8D4F7612D8F51B000F0CD17 /* image-app.app */,
				A8D4F7732D8F51B200F0CD17 /* image-appTests.xctest */,
				A8D4F77D2D8F51B200F0CD17 /* image-appUITests.xctest */,
			);
			name = Products;
			sourceTree = "<group>";
		};
/* End PBXGroup section */

/* Begin PBXNativeTarget section */
		A8D4F7602D8F51B000F0CD17 /* image-app */ = {
			isa = PBXNativeTarget;
			buildConfigurationList = A8D4F7872D8F51B200F0CD17 /* Build configuration list for PBXNativeTarget "image-app" */;
			buildPhases = (
				A8D4F75D2D8F51B000F0CD17 /* Sources */,
				A8D4F75E2D8F51B000F0CD17 /* Frameworks */,
				A8D4F75F2D8F51B000F0CD17 /* Resources */,
			);
			buildRules = (
			);
			dependencies = (
			);
			fileSystemSynchronizedGroups = (
				A8D4F7632D8F51B000F0CD17 /* image-app */,
			);
			name = "image-app";
			packageProductDependencies = (
			);
			productName = "image-app";
			productReference = A8D4F7612D8F51B000F0CD17 /* image-app.app */;
			productType = "com.apple.product-type.application";
		};
		A8D4F7722D8F51B200F0CD17 /* image-appTests */ = {
			isa = PBXNativeTarget;
			buildConfigurationList = A8D4F78A2D8F51B200F0CD17 /* Build configuration list for PBXNativeTarget "image-appTests" */;
			buildPhases = (
				A8D4F76F2D8F51B200F0CD17 /* Sources */,
				A8D4F7702D8F51B200F0CD17 /* Frameworks */,
				A8D4F7712D8F51B200F0CD17 /* Resources */,
			);
			buildRules = (
			);
			dependencies = (
				A8D4F7752D8F51B200F0CD17 /* PBXTargetDependency */,
			);
			fileSystemSynchronizedGroups = (
				A8D4F7762D8F51B200F0CD17 /* image-appTests */,
			);
			name = "image-appTests";
			packageProductDependencies = (
			);
			productName = "image-appTests";
			productReference = A8D4F7732D8F51B200F0CD17 /* image-appTests.xctest */;
			productType = "com.apple.product-type.bundle.unit-test";
		};
		A8D4F77C2D8F51B200F0CD17 /* image-appUITests */ = {
			isa = PBXNativeTarget;
			buildConfigurationList = A8D4F78D2D8F51B200F0CD17 /* Build configuration list for PBXNativeTarget "image-appUITests" */;
			buildPhases = (
				A8D4F7792D8F51B200F0CD17 /* Sources */,
				A8D4F77A2D8F51B200F0CD17 /* Frameworks */,
				A8D4F77B2D8F51B200F0CD17 /* Resources */,
			);
			buildRules = (
			);
			dependencies = (
				A8D4F77F2D8F51B200F0CD17 /* PBXTargetDependency */,
			);
			fileSystemSynchronizedGroups = (
				A8D4F7802D8F51B200F0CD17 /* image-appUITests */,
			);
			name = "image-appUITests";
			packageProductDependencies = (
			);
			productName = "image-appUITests";
			productReference = A8D4F77D2D8F51B200F0CD17 /* image-appUITests.xctest */;
			productType = "com.apple.product-type.bundle.ui-testing";
		};
/* End PBXNativeTarget section */

/* Begin PBXProject section */
		A8D4F7592D8F51B000F0CD17 /* Project object */ = {
			isa = PBXProject;
			attributes = {
				BuildIndependentTargetsInParallel = 1;
				LastSwiftUpdateCheck = 1620;
				LastUpgradeCheck = 1620;
				TargetAttributes = {
					A8D4F7602D8F51B000F0CD17 = {
						CreatedOnToolsVersion = 16.2;
					};
					A8D4F7722D8F51B200F0CD17 = {
						CreatedOnToolsVersion = 16.2;
						TestTargetID = A8D4F7602D8F51B000F0CD17;
					};
					A8D4F77C2D8F51B200F0CD17 = {
						CreatedOnToolsVersion = 16.2;
						TestTargetID = A8D4F7602D8F51B000F0CD17;
					};
				};
			};
			buildConfigurationList = A8D4F75C2D8F51B000F0CD17 /* Build configuration list for PBXProject "image-app" */;
			developmentRegion = en;
			hasScannedForEncodings = 0;
			knownRegions = (
				en,
				Base,
			);
			mainGroup = A8D4F7582D8F51B000F0CD17;
			minimizedProjectReferenceProxies = 1;
			preferredProjectObjectVersion = 77;
			productRefGroup = A8D4F7622D8F51B000F0CD17 /* Products */;
			projectDirPath = "";
			projectRoot = "";
			targets = (
				A8D4F7602D8F51B000F0CD17 /* image-app */,
				A8D4F7722D8F51B200F0CD17 /* image-appTests */,
				A8D4F77C2D8F51B200F0CD17 /* image-appUITests */,
			);
		};
/* End PBXProject section */

/* Begin PBXResourcesBuildPhase section */
		A8D4F75F2D8F51B000F0CD17 /* Resources */ = {
			isa = PBXResourcesBuildPhase;
			buildActionMask = 2147483647;
			files = (
			);
			runOnlyForDeploymentPostprocessing = 0;
		};
		A8D4F7712D8F51B200F0CD17 /* Resources */ = {
			isa = PBXResourcesBuildPhase;
			buildActionMask = 2147483647;
			files = (
			);
			runOnlyForDeploymentPostprocessing = 0;
		};
		A8D4F77B2D8F51B200F0CD17 /* Resources */ = {
			isa = PBXResourcesBuildPhase;
			buildActionMask = 2147483647;
			files = (
			);
			runOnlyForDeploymentPostprocessing = 0;
		};
/* End PBXResourcesBuildPhase section */

/* Begin PBXSourcesBuildPhase section */
		A8D4F75D2D8F51B000F0CD17 /* Sources */ = {
			isa = PBXSourcesBuildPhase;
			buildActionMask = 2147483647;
			files = (
			);
			runOnlyForDeploymentPostprocessing = 0;
		};
		A8D4F76F2D8F51B200F0CD17 /* Sources */ = {
			isa = PBXSourcesBuildPhase;
			buildActionMask = 2147483647;
			files = (
			);
			runOnlyForDeploymentPostprocessing = 0;
		};
		A8D4F7792D8F51B200F0CD17 /* Sources */ = {
			isa = PBXSourcesBuildPhase;
			buildActionMask = 2147483647;
			files = (
			);
			runOnlyForDeploymentPostprocessing = 0;
		};
/* End PBXSourcesBuildPhase section */

/* Begin PBXTargetDependency section */
		A8D4F7752D8F51B200F0CD17 /* PBXTargetDependency */ = {
			isa = PBXTargetDependency;
			target = A8D4F7602D8F51B000F0CD17 /* image-app */;
			targetProxy = A8D4F7742D8F51B200F0CD17 /* PBXContainerItemProxy */;
		};
		A8D4F77F2D8F51B200F0CD17 /* PBXTargetDependency */ = {
			isa = PBXTargetDependency;
			target = A8D4F7602D8F51B000F0CD17 /* image-app */;
			targetProxy = A8D4F77E2D8F51B200F0CD17 /* PBXContainerItemProxy */;
		};
/* End PBXTargetDependency section */

/* Begin XCBuildConfiguration section */
		A8D4F7852D8F51B200F0CD17 /* Debug */ = {
			isa = XCBuildConfiguration;
			buildSettings = {
				ALWAYS_SEARCH_USER_PATHS = NO;
				ASSETCATALOG_COMPILER_GENERATE_SWIFT_ASSET_SYMBOL_EXTENSIONS = YES;
				CLANG_ANALYZER_NONNULL = YES;
				CLANG_ANALYZER_NUMBER_OBJECT_CONVERSION = YES_AGGRESSIVE;
				CLANG_CXX_LANGUAGE_STANDARD = "gnu++20";
				CLANG_ENABLE_MODULES = YES;
				CLANG_ENABLE_OBJC_ARC = YES;
				CLANG_ENABLE_OBJC_WEAK = YES;
				CLANG_WARN_BLOCK_CAPTURE_AUTORELEASING = YES;
				CLANG_WARN_BOOL_CONVERSION = YES;
				CLANG_WARN_COMMA = YES;
				CLANG_WARN_CONSTANT_CONVERSION = YES;
				CLANG_WARN_DEPRECATED_OBJC_IMPLEMENTATIONS = YES;
				CLANG_WARN_DIRECT_OBJC_ISA_USAGE = YES_ERROR;
				CLANG_WARN_DOCUMENTATION_COMMENTS = YES;
				CLANG_WARN_EMPTY_BODY = YES;
				CLANG_WARN_ENUM_CONVERSION = YES;
				CLANG_WARN_INFINITE_RECURSION = YES;
				CLANG_WARN_INT_CONVERSION = YES;
				CLANG_WARN_NON_LITERAL_NULL_CONVERSION = YES;
				CLANG_WARN_OBJC_IMPLICIT_RETAIN_SELF = YES;
				CLANG_WARN_OBJC_LITERAL_CONVERSION = YES;
				CLANG_WARN_OBJC_ROOT_CLASS = YES_ERROR;
				CLANG_WARN_QUOTED_INCLUDE_IN_FRAMEWORK_HEADER = YES;
				CLANG_WARN_RANGE_LOOP_ANALYSIS = YES;
				CLANG_WARN_STRICT_PROTOTYPES = YES;
				CLANG_WARN_SUSPICIOUS_MOVE = YES;
				CLANG_WARN_UNGUARDED_AVAILABILITY = YES_AGGRESSIVE;
				CLANG_WARN_UNREACHABLE_CODE = YES;
				CLANG_WARN__DUPLICATE_METHOD_MATCH = YES;
				COPY_PHASE_STRIP = NO;
				DEBUG_INFORMATION_FORMAT = dwarf;
				ENABLE_STRICT_OBJC_MSGSEND = YES;
				ENABLE_TESTABILITY = YES;
				ENABLE_USER_SCRIPT_SANDBOXING = YES;
				GCC_C_LANGUAGE_STANDARD = gnu17;
				GCC_DYNAMIC_NO_PIC = NO;
				GCC_NO_COMMON_BLOCKS = YES;
				GCC_OPTIMIZATION_LEVEL = 0;
				GCC_PREPROCESSOR_DEFINITIONS = (
					"DEBUG=1",
					"$(inherited)",
				);
				GCC_WARN_64_TO_32_BIT_CONVERSION = YES;
				GCC_WARN_ABOUT_RETURN_TYPE = YES_ERROR;
				GCC_WARN_UNDECLARED_SELECTOR = YES;
				GCC_WARN_UNINITIALIZED_AUTOS = YES_AGGRESSIVE;
				GCC_WARN_UNUSED_FUNCTION = YES;
				GCC_WARN_UNUSED_VARIABLE = YES;
				IPHONEOS_DEPLOYMENT_TARGET = 18.2;
				LOCALIZATION_PREFERS_STRING_CATALOGS = YES;
				MTL_ENABLE_DEBUG_INFO = INCLUDE_SOURCE;
				MTL_FAST_MATH = YES;
				ONLY_ACTIVE_ARCH = YES;
				SDKROOT = iphoneos;
				SWIFT_ACTIVE_COMPILATION_CONDITIONS = "DEBUG $(inherited)";
				SWIFT_OPTIMIZATION_LEVEL = "-Onone";
			};
			name = Debug;
		};
		A8D4F7862D8F51B200F0CD17 /* Release */ = {
			isa = XCBuildConfiguration;
			buildSettings = {
				ALWAYS_SEARCH_USER_PATHS = NO;
				ASSETCATALOG_COMPILER_GENERATE_SWIFT_ASSET_SYMBOL_EXTENSIONS = YES;
				CLANG_ANALYZER_NONNULL = YES;
				CLANG_ANALYZER_NUMBER_OBJECT_CONVERSION = YES_AGGRESSIVE;
				CLANG_CXX_LANGUAGE_STANDARD = "gnu++20";
				CLANG_ENABLE_MODULES = YES;
				CLANG_ENABLE_OBJC_ARC = YES;
				CLANG_ENABLE_OBJC_WEAK = YES;
				CLANG_WARN_BLOCK_CAPTURE_AUTORELEASING = YES;
				CLANG_WARN_BOOL_CONVERSION = YES;
				CLANG_WARN_COMMA = YES;
				CLANG_WARN_CONSTANT_CONVERSION = YES;
				CLANG_WARN_DEPRECATED_OBJC_IMPLEMENTATIONS = YES;
				CLANG_WARN_DIRECT_OBJC_ISA_USAGE = YES_ERROR;
				CLANG_WARN_DOCUMENTATION_COMMENTS = YES;
				CLANG_WARN_EMPTY_BODY = YES;
				CLANG_WARN_ENUM_CONVERSION = YES;
				CLANG_WARN_INFINITE_RECURSION = YES;
				CLANG_WARN_INT_CONVERSION = YES;
				CLANG_WARN_NON_LITERAL_NULL_CONVERSION = YES;
				CLANG_WARN_OBJC_IMPLICIT_RETAIN_SELF = YES;
				CLANG_WARN_OBJC_LITERAL_CONVERSION = YES;
				CLANG_WARN_OBJC_ROOT_CLASS = YES_ERROR;
				CLANG_WARN_QUOTED_INCLUDE_IN_FRAMEWORK_HEADER = YES;
				CLANG_WARN_RANGE_LOOP_ANALYSIS = YES;
				CLANG_WARN_STRICT_PROTOTYPES = YES;
				CLANG_WARN_SUSPICIOUS_MOVE = YES;
				CLANG_WARN_UNGUARDED_AVAILABILITY = YES_AGGRESSIVE;
				CLANG_WARN_UNREACHABLE_CODE = YES;
				CLANG_WARN__DUPLICATE_METHOD_MATCH = YES;
				COPY_PHASE_STRIP = NO;
				DEBUG_INFORMATION_FORMAT = "dwarf-with-dsym";
				ENABLE_NS_ASSERTIONS = NO;
				ENABLE_STRICT_OBJC_MSGSEND = YES;
				ENABLE_USER_SCRIPT_SANDBOXING = YES;
				GCC_C_LANGUAGE_STANDARD = gnu17;
				GCC_NO_COMMON_BLOCKS = YES;
				GCC_WARN_64_TO_32_BIT_CONVERSION = YES;
				GCC_WARN_ABOUT_RETURN_TYPE = YES_ERROR;
				GCC_WARN_UNDECLARED_SELECTOR = YES;
				GCC_WARN_UNINITIALIZED_AUTOS = YES_AGGRESSIVE;
				GCC_WARN_UNUSED_FUNCTION = YES;
				GCC_WARN_UNUSED_VARIABLE = YES;
				IPHONEOS_DEPLOYMENT_TARGET = 18.2;
				LOCALIZATION_PREFERS_STRING_CATALOGS = YES;
				MTL_ENABLE_DEBUG_INFO = NO;
				MTL_FAST_MATH = YES;
				SDKROOT = iphoneos;
				SWIFT_COMPILATION_MODE = wholemodule;
				VALIDATE_PRODUCT = YES;
			};
			name = Release;
		};
		A8D4F7882D8F51B200F0CD17 /* Debug */ = {
			isa = XCBuildConfiguration;
			buildSettings = {
				ASSETCATALOG_COMPILER_APPICON_NAME = AppIcon;
				ASSETCATALOG_COMPILER_GLOBAL_ACCENT_COLOR_NAME = AccentColor;
				CODE_SIGN_STYLE = Automatic;
				CURRENT_PROJECT_VERSION = 1;
				DEVELOPMENT_ASSET_PATHS = "\"image-app/Preview Content\"";
				DEVELOPMENT_TEAM = 8744N4782M;
				ENABLE_PREVIEWS = YES;
				GENERATE_INFOPLIST_FILE = YES;
				INFOPLIST_KEY_UIApplicationSceneManifest_Generation = YES;
				INFOPLIST_KEY_UIApplicationSupportsIndirectInputEvents = YES;
				INFOPLIST_KEY_UILaunchScreen_Generation = YES;
				INFOPLIST_KEY_UISupportedInterfaceOrientations_iPad = "UIInterfaceOrientationPortrait UIInterfaceOrientationPortraitUpsideDown UIInterfaceOrientationLandscapeLeft UIInterfaceOrientationLandscapeRight";
				INFOPLIST_KEY_UISupportedInterfaceOrientations_iPhone = "UIInterfaceOrientationPortrait UIInterfaceOrientationLandscapeLeft UIInterfaceOrientationLandscapeRight";
				LD_RUNPATH_SEARCH_PATHS = (
					"$(inherited)",
					"@executable_path/Frameworks",
				);
				MARKETING_VERSION = 1.0;
				PRODUCT_BUNDLE_IDENTIFIER = "creation.image-app";
				PRODUCT_NAME = "$(TARGET_NAME)";
				SWIFT_EMIT_LOC_STRINGS = YES;
				SWIFT_VERSION = 5.0;
				TARGETED_DEVICE_FAMILY = "1,2";
			};
			name = Debug;
		};
		A8D4F7892D8F51B200F0CD17 /* Release */ = {
			isa = XCBuildConfiguration;
			buildSettings = {
				ASSETCATALOG_COMPILER_APPICON_NAME = AppIcon;
				ASSETCATALOG_COMPILER_GLOBAL_ACCENT_COLOR_NAME = AccentColor;
				CODE_SIGN_STYLE = Automatic;
				CURRENT_PROJECT_VERSION = 1;
				DEVELOPMENT_ASSET_PATHS = "\"image-app/Preview Content\"";
				DEVELOPMENT_TEAM = 8744N4782M;
				ENABLE_PREVIEWS = YES;
				GENERATE_INFOPLIST_FILE = YES;
				INFOPLIST_KEY_UIApplicationSceneManifest_Generation = YES;
				INFOPLIST_KEY_UIApplicationSupportsIndirectInputEvents = YES;
				INFOPLIST_KEY_UILaunchScreen_Generation = YES;
				INFOPLIST_KEY_UISupportedInterfaceOrientations_iPad = "UIInterfaceOrientationPortrait UIInterfaceOrientationPortraitUpsideDown UIInterfaceOrientationLandscapeLeft UIInterfaceOrientationLandscapeRight";
				INFOPLIST_KEY_UISupportedInterfaceOrientations_iPhone = "UIInterfaceOrientationPortrait UIInterfaceOrientationLandscapeLeft UIInterfaceOrientationLandscapeRight";
				LD_RUNPATH_SEARCH_PATHS = (
					"$(inherited)",
					"@executable_path/Frameworks",
				);
				MARKETING_VERSION = 1.0;
				PRODUCT_BUNDLE_IDENTIFIER = "creation.image-app";
				PRODUCT_NAME = "$(TARGET_NAME)";
				SWIFT_EMIT_LOC_STRINGS = YES;
				SWIFT_VERSION = 5.0;
				TARGETED_DEVICE_FAMILY = "1,2";
			};
			name = Release;
		};
		A8D4F78B2D8F51B200F0CD17 /* Debug */ = {
			isa = XCBuildConfiguration;
			buildSettings = {
				BUNDLE_LOADER = "$(TEST_HOST)";
				CODE_SIGN_STYLE = Automatic;
				CURRENT_PROJECT_VERSION = 1;
				DEVELOPMENT_TEAM = 8744N4782M;
				GENERATE_INFOPLIST_FILE = YES;
				IPHONEOS_DEPLOYMENT_TARGET = 18.2;
				MARKETING_VERSION = 1.0;
				PRODUCT_BUNDLE_IDENTIFIER = "creation.image-appTests";
				PRODUCT_NAME = "$(TARGET_NAME)";
				SWIFT_EMIT_LOC_STRINGS = NO;
				SWIFT_VERSION = 5.0;
				TARGETED_DEVICE_FAMILY = "1,2";
				TEST_HOST = "$(BUILT_PRODUCTS_DIR)/image-app.app/$(BUNDLE_EXECUTABLE_FOLDER_PATH)/image-app";
			};
			name = Debug;
		};
		A8D4F78C2D8F51B200F0CD17 /* Release */ = {
			isa = XCBuildConfiguration;
			buildSettings = {
				BUNDLE_LOADER = "$(TEST_HOST)";
				CODE_SIGN_STYLE = Automatic;
				CURRENT_PROJECT_VERSION = 1;
				DEVELOPMENT_TEAM = 8744N4782M;
				GENERATE_INFOPLIST_FILE = YES;
				IPHONEOS_DEPLOYMENT_TARGET = 18.2;
				MARKETING_VERSION = 1.0;
				PRODUCT_BUNDLE_IDENTIFIER = "creation.image-appTests";
				PRODUCT_NAME = "$(TARGET_NAME)";
				SWIFT_EMIT_LOC_STRINGS = NO;
				SWIFT_VERSION = 5.0;
				TARGETED_DEVICE_FAMILY = "1,2";
				TEST_HOST = "$(BUILT_PRODUCTS_DIR)/image-app.app/$(BUNDLE_EXECUTABLE_FOLDER_PATH)/image-app";
			};
			name = Release;
		};
		A8D4F78E2D8F51B200F0CD17 /* Debug */ = {
			isa = XCBuildConfiguration;
			buildSettings = {
				CODE_SIGN_STYLE = Automatic;
				CURRENT_PROJECT_VERSION = 1;
				DEVELOPMENT_TEAM = 8744N4782M;
				GENERATE_INFOPLIST_FILE = YES;
				MARKETING_VERSION = 1.0;
				PRODUCT_BUNDLE_IDENTIFIER = "creation.image-appUITests";
				PRODUCT_NAME = "$(TARGET_NAME)";
				SWIFT_EMIT_LOC_STRINGS = NO;
				SWIFT_VERSION = 5.0;
				TARGETED_DEVICE_FAMILY = "1,2";
				TEST_TARGET_NAME = "image-app";
			};
			name = Debug;
		};
		A8D4F78F2D8F51B200F0CD17 /* Release */ = {
			isa = XCBuildConfiguration;
			buildSettings = {
				CODE_SIGN_STYLE = Automatic;
				CURRENT_PROJECT_VERSION = 1;
				DEVELOPMENT_TEAM = 8744N4782M;
				GENERATE_INFOPLIST_FILE = YES;
				MARKETING_VERSION = 1.0;
				PRODUCT_BUNDLE_IDENTIFIER = "creation.image-appUITests";
				PRODUCT_NAME = "$(TARGET_NAME)";
				SWIFT_EMIT_LOC_STRINGS = NO;
				SWIFT_VERSION = 5.0;
				TARGETED_DEVICE_FAMILY = "1,2";
				TEST_TARGET_NAME = "image-app";
			};
			name = Release;
		};
/* End XCBuildConfiguration section */

/* Begin XCConfigurationList section */
		A8D4F75C2D8F51B000F0CD17 /* Build configuration list for PBXProject "image-app" */ = {
			isa = XCConfigurationList;
			buildConfigurations = (
				A8D4F7852D8F51B200F0CD17 /* Debug */,
				A8D4F7862D8F51B200F0CD17 /* Release */,
			);
			defaultConfigurationIsVisible = 0;
			defaultConfigurationName = Release;
		};
		A8D4F7872D8F51B200F0CD17 /* Build configuration list for PBXNativeTarget "image-app" */ = {
			isa = XCConfigurationList;
			buildConfigurations = (
				A8D4F7882D8F51B200F0CD17 /* Debug */,
				A8D4F7892D8F51B200F0CD17 /* Release */,
			);
			defaultConfigurationIsVisible = 0;
			defaultConfigurationName = Release;
		};
		A8D4F78A2D8F51B200F0CD17 /* Build configuration list for PBXNativeTarget "image-appTests" */ = {
			isa = XCConfigurationList;
			buildConfigurations = (
				A8D4F78B2D8F51B200F0CD17 /* Debug */,
				A8D4F78C2D8F51B200F0CD17 /* Release */,
			);
			defaultConfigurationIsVisible = 0;
			defaultConfigurationName = Release;
		};
		A8D4F78D2D8F51B200F0CD17 /* Build configuration list for PBXNativeTarget "image-appUITests" */ = {
			isa = XCConfigurationList;
			buildConfigurations = (
				A8D4F78E2D8F51B200F0CD17 /* Debug */,
				A8D4F78F2D8F51B200F0CD17 /* Release */,
			);
			defaultConfigurationIsVisible = 0;
			defaultConfigurationName = Release;
		};
/* End XCConfigurationList section */
	};
	rootObject = A8D4F7592D8F51B000F0CD17 /* Project object */;
}
